
Microsoft Visual Studio Solution File, Format Version 12.00
# Visual Studio 15
VisualStudioVersion = 15.0.26430.13
MinimumVisualStudioVersion = 10.0.40219.1
Project("{FAE04EC0-301F-11D3-BF4B-00C04F79EFBC}") = "Wpf3Dapp", "WpfApp3\Wpf3Dapp.csproj", "{884CF8A8-5410-4068-9835-D3EB4564CECD}"
EndProject
Global
	GlobalSection(SolutionConfigurationPlatforms) = preSolution
		Debug|Any CPU = Debug|Any CPU
		Release|Any CPU = Release|Any CPU
	EndGlobalSection
	GlobalSection(ProjectConfigurationPlatforms) = postSolution
		{884CF8A8-5410-4068-9835-D3EB4564CECD}.Debug|Any CPU.ActiveCfg = Debug|Any CPU
		{884CF8A8-5410-4068-9835-D3EB4564CECD}.Debug|Any CPU.Build.0 = Debug|Any CPU
		{884CF8A8-5410-4068-9835-D3EB4564CECD}.Release|Any CPU.ActiveCfg = Release|Any CPU
		{884CF8A8-5410-4068-9835-D3EB4564CECD}.Release|Any CPU.Build.0 = Release|Any CPU
	EndGlobalSection
	GlobalSection(SolutionProperties) = preSolution
		HideSolutionNode = FALSE
	EndGlobalSection
EndGlobal
